
Microsoft Visual Studio Solution File, Format Version 12.00
Project("{FAE04EC0-301F-11D3-BF4B-00C04F79EFBC}") = "OfficeBound.Presentation", "OfficeBound.Presentation\OfficeBound.Presentation.csproj", "{33ADEF44-B296-43A1-9D66-8140F988FB09}"
EndProject
Global
	GlobalSection(SolutionConfigurationPlatforms) = preSolution
		Debug|Any CPU = Debug|Any CPU
		Release|Any CPU = Release|Any CPU
	EndGlobalSection
	GlobalSection(ProjectConfigurationPlatforms) = postSolution
		{33ADEF44-B296-43A1-9D66-8140F988FB09}.Debug|Any CPU.ActiveCfg = Debug|Any CPU
		{33ADEF44-B296-43A1-9D66-8140F988FB09}.Debug|Any CPU.Build.0 = Debug|Any CPU
		{33ADEF44-B296-43A1-9D66-8140F988FB09}.Release|Any CPU.ActiveCfg = Release|Any CPU
		{33ADEF44-B296-43A1-9D66-8140F988FB09}.Release|Any CPU.Build.0 = Release|Any CPU
	EndGlobalSection
EndGlobal
